Microsoft Visual Studio Solution File, Format Version 12.00
# Visual Studio Version 17
VisualStudioVersion = 17.5.2.0
MinimumVisualStudioVersion = 10.0.40219.1
Project("{FAE04EC0-301F-11D3-BF4B-00C04F79EFBC}") = "MiniCMS.Web", "MiniCMS.Web.csproj", "{0BF6F182-7C20-1840-8D71-CC884D545F66}"
EndProject
Global
	GlobalSection(SolutionConfigurationPlatforms) = preSolution
		Debug|Any CPU = Debug|Any CPU
		Release|Any CPU = Release|Any CPU
	EndGlobalSection
	GlobalSection(ProjectConfigurationPlatforms) = postSolution
		{0BF6F182-7C20-1840-8D71-CC884D545F66}.Debug|Any CPU.ActiveCfg = Debug|Any CPU
		{0BF6F182-7C20-1840-8D71-CC884D545F66}.Debug|Any CPU.Build.0 = Debug|Any CPU
		{0BF6F182-7C20-1840-8D71-CC884D545F66}.Release|Any CPU.ActiveCfg = Release|Any CPU
		{0BF6F182-7C20-1840-8D71-CC884D545F66}.Release|Any CPU.Build.0 = Release|Any CPU
	EndGlobalSection
	GlobalSection(SolutionProperties) = preSolution
		HideSolutionNode = FALSE
	EndGlobalSection
	GlobalSection(ExtensibilityGlobals) = postSolution
		SolutionGuid = {DB520BC8-4A2F-46A1-A68E-418EC2C1D2AA}
	EndGlobalSection
EndGlobal
